
Microsoft Visual Studio Solution File, Format Version 12.00
# Visual Studio 14
VisualStudioVersion = 14.0.25420.1
MinimumVisualStudioVersion = 10.0.40219.1
Project("{FAE04EC0-301F-11D3-BF4B-00C04F79EFBC}") = "ExpressiveDapper", "ExpressiveDapper\ExpressiveDapper.csproj", "{1298ED84-656C-4731-8349-459F48140C75}"
EndProject
Project("{FAE04EC0-301F-11D3-BF4B-00C04F79EFBC}") = "ExpressiveDapper.Test", "ExpressiveDapper.Test\ExpressiveDapper.Test.csproj", "{93B11BA4-B43A-4185-9326-E9AE1B383FC1}"
EndProject
Project("{FAE04EC0-301F-11D3-BF4B-00C04F79EFBC}") = "ExpressiveDapper.Console", "ExpressiveDapper.Console\ExpressiveDapper.Console.csproj", "{822A66DB-C545-4C55-B1D7-ACEB1CAEB917}"
EndProject
Global
	GlobalSection(SolutionConfigurationPlatforms) = preSolution
		Debug|Any CPU = Debug|Any CPU
		Release|Any CPU = Release|Any CPU
	EndGlobalSection
	GlobalSection(ProjectConfigurationPlatforms) = postSolution
		{1298ED84-656C-4731-8349-459F48140C75}.Debug|Any CPU.ActiveCfg = Debug|Any CPU
		{1298ED84-656C-4731-8349-459F48140C75}.Debug|Any CPU.Build.0 = Debug|Any CPU
		{1298ED84-656C-4731-8349-459F48140C75}.Release|Any CPU.ActiveCfg = Release|Any CPU
		{1298ED84-656C-4731-8349-459F48140C75}.Release|Any CPU.Build.0 = Release|Any CPU
		{93B11BA4-B43A-4185-9326-E9AE1B383FC1}.Debug|Any CPU.ActiveCfg = Debug|Any CPU
		{93B11BA4-B43A-4185-9326-E9AE1B383FC1}.Debug|Any CPU.Build.0 = Debug|Any CPU
		{93B11BA4-B43A-4185-9326-E9AE1B383FC1}.Release|Any CPU.ActiveCfg = Release|Any CPU
		{93B11BA4-B43A-4185-9326-E9AE1B383FC1}.Release|Any CPU.Build.0 = Release|Any CPU
		{822A66DB-C545-4C55-B1D7-ACEB1CAEB917}.Debug|Any CPU.ActiveCfg = Debug|Any CPU
		{822A66DB-C545-4C55-B1D7-ACEB1CAEB917}.Debug|Any CPU.Build.0 = Debug|Any CPU
		{822A66DB-C545-4C55-B1D7-ACEB1CAEB917}.Release|Any CPU.ActiveCfg = Release|Any CPU
		{822A66DB-C545-4C55-B1D7-ACEB1CAEB917}.Release|Any CPU.Build.0 = Release|Any CPU
	EndGlobalSection
	GlobalSection(SolutionProperties) = preSolution
		HideSolutionNode = FALSE
	EndGlobalSection
	GlobalSection(TeamFoundationVersionControl) = preSolution
		SccNumberOfProjects = 4
		SccEnterpriseProvider = {4CA58AB2-18FA-4F8D-95D4-32DDF27D184C}
		SccTeamFoundationServer = https://badgerstudio.visualstudio.com/
		SccProjectUniqueName0 = ExpressiveDapper\\ExpressiveDapper.csproj
		SccProjectName0 = ExpressiveDapper
		SccLocalPath0 = ExpressiveDapper
		SccLocalPath1 = .
		SccProjectUniqueName2 = ExpressiveDapper.Console\\ExpressiveDapper.Console.csproj
		SccProjectName2 = ExpressiveDapper.Console
		SccLocalPath2 = ExpressiveDapper.Console
		SccProjectUniqueName3 = FExpressiveDapper.Test\\ExpressiveDapper.Test.csproj
		SccProjectName3 = ExpressiveDapper.Test
		SccLocalPath3 = ExpressiveDapper.Test
	EndGlobalSection
EndGlobal
